hash: 2b7c3f07d47939d7b7960af946f6eb5ae29fda2d240e670f243f70d67b6d8e1a
updated: 2017-07-17T11:10:59.566345854-07:00
imports:
- name: github.com/codegangsta/cli
  version: 4b90d79a682b4bf685762c7452db20f2a676ecb2
- name: github.com/Masterminds/glide
  version: 245caced2b16358b1c5e267691b17e9ee9952127
  subpackages:
  - action
  - cache
  - cfg
  - dependency
  - gb
  - godep
  - godep/strip
  - gom
  - gpm
  - importer
  - mirrors
  - msg
  - path
  - repo
  - tree
  - util
- name: github.com/Masterminds/semver
  version: 517734cc7d6470c0d07130e40fd40bdeb9bcd3fd
- name: github.com/Masterminds/vcs
  version: 3084677c2c188840777bff30054f2b553729d329
- name: github.com/mitchellh/go-homedir
  version: b8bc1bf767474819792c23f32d8286a45736f1c6
- name: github.com/urfave/cli
  version: 4b90d79a682b4bf685762c7452db20f2a676ecb2
- name: gopkg.in/yaml.v2
  version: 3b4ad1db5b2a649883ff3782f5f9f6fb52be71af
testImports: []
